
Microsoft Visual Studio Solution File, Format Version 12.00
Project("{FAE04EC0-301F-11D3-BF4B-00C04F79EFBC}") = "MemoryLeaksDemo", "MemoryLeaksDemo\MemoryLeaksDemo.csproj", "{EBF02B1A-8AF1-4DFF-868B-4C18D1DAC985}"
EndProject
Global
	GlobalSection(SolutionConfigurationPlatforms) = preSolution
		Debug|Any CPU = Debug|Any CPU
		Release|Any CPU = Release|Any CPU
	EndGlobalSection
	GlobalSection(ProjectConfigurationPlatforms) = postSolution
		{EBF02B1A-8AF1-4DFF-868B-4C18D1DAC985}.Debug|Any CPU.ActiveCfg = Debug|Any CPU
		{EBF02B1A-8AF1-4DFF-868B-4C18D1DAC985}.Debug|Any CPU.Build.0 = Debug|Any CPU
		{EBF02B1A-8AF1-4DFF-868B-4C18D1DAC985}.Release|Any CPU.ActiveCfg = Release|Any CPU
		{EBF02B1A-8AF1-4DFF-868B-4C18D1DAC985}.Release|Any CPU.Build.0 = Release|Any CPU
	EndGlobalSection
EndGlobal
